// !$*UTF8*$!
{
	archiveVersion = 1;
	classes = {
	};
	objectVersion = 46;
	objects = {

/* Begin PBXBuildFile section */
		341811707C5CE475F5DF2A74 /* day07.data in CopyFiles */ = {isa = PBXBuildFile; fileRef = 3418129E354029D42E35150F /* day07.data */; };
		341812C4A6E2BD232F97A8F4 /* Timer.swift in Sources */ = {isa = PBXBuildFile; fileRef = 341816FDFEB71EA8B9BFA97F /* Timer.swift */; };
		3418147553E0E5A78AC896C4 /* TowerMapper.swift in Sources */ = {isa = PBXBuildFile; fileRef = 34181AC2BAFC88696C275202 /* TowerMapper.swift */; };
		341814C977D6465E472F03B9 /* day07.benchmark in CopyFiles */ = {isa = PBXBuildFile; fileRef = 34181F8FE0671F66267B1396 /* day07.benchmark */; };
		3418160D5E3B3455313ED95B /* RegularExpression.swift in Sources */ = {isa = PBXBuildFile; fileRef = 34181DB2FE28B6D4FF0CD3BB /* RegularExpression.swift */; };
		341816426D4B20AC913717EF /* TowerParser.swift in Sources */ = {isa = PBXBuildFile; fileRef = 34181A99462BA3DCB607CAA1 /* TowerParser.swift */; };
		3418172DE2FD5E730B8A24B9 /* day08.data in CopyFiles */ = {isa = PBXBuildFile; fileRef = 341815AD3FD0F250F2278702 /* day08.data */; };
		341818CC7A1FF1587397C925 /* TowerDataProvider.swift in Sources */ = {isa = PBXBuildFile; fileRef = 34181D0A7A82F6F5ECF0E34F /* TowerDataProvider.swift */; };
		341819350D8BED6A7E6CDB53 /* MemoryManager.swift in Sources */ = {isa = PBXBuildFile; fileRef = 3418121BB71E77AA4793B033 /* MemoryManager.swift */; };
		341819F3FE2EB17BEA293583 /* TowerModel.swift in Sources */ = {isa = PBXBuildFile; fileRef = 34181D965A69024C4F8409DD /* TowerModel.swift */; };
		34181B60A4D59ABF4AE8E323 /* day06.data in CopyFiles */ = {isa = PBXBuildFile; fileRef = 341816F63D79683C1C198504 /* day06.data */; };
		34181BCBB64F4C427F6EF7EE /* Cpu.swift in Sources */ = {isa = PBXBuildFile; fileRef = 341813B1990BC5562DEFEE20 /* Cpu.swift */; };
		34181C0818F635F659AE1CE0 /* DataProvider.swift in Sources */ = {isa = PBXBuildFile; fileRef = 341819AD0E688C18939E00AC /* DataProvider.swift */; };
		34181C0C0CB7131FD564D670 /* Maze.swift in Sources */ = {isa = PBXBuildFile; fileRef = 34181E919024937DD7023CBD /* Maze.swift */; };
		34181CDBFFFF28A6486CEAC9 /* MemoryManagerDataProvider.swift in Sources */ = {isa = PBXBuildFile; fileRef = 34181EF4E1AD2ECDBE7C2F09 /* MemoryManagerDataProvider.swift */; };
		34181E2F2429A4A902DB3A09 /* MazeDataProvider.swift in Sources */ = {isa = PBXBuildFile; fileRef = 34181B1D0B626D9BA4107FC5 /* MazeDataProvider.swift */; };
		34181EAC0FB452A3E924617B /* RegularExpressionMatch.swift in Sources */ = {isa = PBXBuildFile; fileRef = 341812DC5C8A7208ED13F2F4 /* RegularExpressionMatch.swift */; };
		34181F3DE52493DD4094E7A7 /* Application.swift in Sources */ = {isa = PBXBuildFile; fileRef = 34181094FFAF9FC63AC21367 /* Application.swift */; };
		34181F8CA321BC202915B1AC /* day05.data in CopyFiles */ = {isa = PBXBuildFile; fileRef = 47F166771FD6C61D00B83DB3 /* day05.data */; };
		34181FBBC9DFEA2A5E7A8B33 /* main.swift in Sources */ = {isa = PBXBuildFile; fileRef = 34181B707B5DE331C0CB3F55 /* main.swift */; };
/* End PBXBuildFile section */

/* Begin PBXCopyFilesBuildPhase section */
		34181A7ABBA4E19801E6015D /* CopyFiles */ = {
			isa = PBXCopyFilesBuildPhase;
			buildActionMask = 12;
			dstPath = "";
			dstSubfolderSpec = 16;
			files = (
				34181F8CA321BC202915B1AC /* day05.data in CopyFiles */,
				34181B60A4D59ABF4AE8E323 /* day06.data in CopyFiles */,
				341811707C5CE475F5DF2A74 /* day07.data in CopyFiles */,
				341814C977D6465E472F03B9 /* day07.benchmark in CopyFiles */,
				3418172DE2FD5E730B8A24B9 /* day08.data in CopyFiles */,
			);
			runOnlyForDeploymentPostprocessing = 0;
		};
/* End PBXCopyFilesBuildPhase section */

/* Begin PBXFileReference section */
		34181094FFAF9FC63AC21367 /* Application.swift */ = {isa = PBXFileReference; fileEncoding = 4; lastKnownFileType = sourcecode.swift; path = Application.swift; sourceTree = "<group>"; };
		3418121BB71E77AA4793B033 /* MemoryManager.swift */ = {isa = PBXFileReference; fileEncoding = 4; lastKnownFileType = sourcecode.swift; path = MemoryManager.swift; sourceTree = "<group>"; };
		3418129E354029D42E35150F /* day07.data */ = {isa = PBXFileReference; lastKnownFileType = file.data; path = day07.data; sourceTree = "<group>"; };
		341812DC5C8A7208ED13F2F4 /* RegularExpressionMatch.swift */ = {isa = PBXFileReference; fileEncoding = 4; lastKnownFileType = sourcecode.swift; path = RegularExpressionMatch.swift; sourceTree = "<group>"; };
		3418135B5F3F85948B012D17 /* AdventOfCode2017 */ = {isa = PBXFileReference; explicitFileType = "compiled.mach-o.executable"; includeInIndex = 0; path = AdventOfCode2017; sourceTree = BUILT_PRODUCTS_DIR; };
		341813B1990BC5562DEFEE20 /* Cpu.swift */ = {isa = PBXFileReference; fileEncoding = 4; lastKnownFileType = sourcecode.swift; path = Cpu.swift; sourceTree = "<group>"; };
		341815AD3FD0F250F2278702 /* day08.data */ = {isa = PBXFileReference; lastKnownFileType = file.data; path = day08.data; sourceTree = "<group>"; };
		341816F63D79683C1C198504 /* day06.data */ = {isa = PBXFileReference; lastKnownFileType = file.data; path = day06.data; sourceTree = "<group>"; };
		341816FDFEB71EA8B9BFA97F /* Timer.swift */ = {isa = PBXFileReference; fileEncoding = 4; lastKnownFileType = sourcecode.swift; path = Timer.swift; sourceTree = "<group>"; };
		341819AD0E688C18939E00AC /* DataProvider.swift */ = {isa = PBXFileReference; fileEncoding = 4; lastKnownFileType = sourcecode.swift; path = DataProvider.swift; sourceTree = "<group>"; };
		34181A99462BA3DCB607CAA1 /* TowerParser.swift */ = {isa = PBXFileReference; fileEncoding = 4; lastKnownFileType = sourcecode.swift; path = TowerParser.swift; sourceTree = "<group>"; };
		34181AC2BAFC88696C275202 /* TowerMapper.swift */ = {isa = PBXFileReference; fileEncoding = 4; lastKnownFileType = sourcecode.swift; path = TowerMapper.swift; sourceTree = "<group>"; };
		34181B1D0B626D9BA4107FC5 /* MazeDataProvider.swift */ = {isa = PBXFileReference; fileEncoding = 4; lastKnownFileType = sourcecode.swift; path = MazeDataProvider.swift; sourceTree = "<group>"; };
		34181B707B5DE331C0CB3F55 /* main.swift */ = {isa = PBXFileReference; lastKnownFileType = sourcecode.swift; path = main.swift; sourceTree = "<group>"; };
		34181CAFFCC4615945494B17 /* README.md */ = {isa = PBXFileReference; fileEncoding = 4; lastKnownFileType = net.daringfireball.markdown; path = README.md; sourceTree = "<group>"; };
		34181D0A7A82F6F5ECF0E34F /* TowerDataProvider.swift */ = {isa = PBXFileReference; fileEncoding = 4; lastKnownFileType = sourcecode.swift; path = TowerDataProvider.swift; sourceTree = "<group>"; };
		34181D965A69024C4F8409DD /* TowerModel.swift */ = {isa = PBXFileReference; fileEncoding = 4; lastKnownFileType = sourcecode.swift; path = TowerModel.swift; sourceTree = "<group>"; };
		34181DB2FE28B6D4FF0CD3BB /* RegularExpression.swift */ = {isa = PBXFileReference; fileEncoding = 4; lastKnownFileType = sourcecode.swift; path = RegularExpression.swift; sourceTree = "<group>"; };
		34181E919024937DD7023CBD /* Maze.swift */ = {isa = PBXFileReference; fileEncoding = 4; lastKnownFileType = sourcecode.swift; path = Maze.swift; sourceTree = "<group>"; };
		34181EF4E1AD2ECDBE7C2F09 /* MemoryManagerDataProvider.swift */ = {isa = PBXFileReference; fileEncoding = 4; lastKnownFileType = sourcecode.swift; path = MemoryManagerDataProvider.swift; sourceTree = "<group>"; };
		34181F8FE0671F66267B1396 /* day07.benchmark */ = {isa = PBXFileReference; lastKnownFileType = file.benchmark; path = day07.benchmark; sourceTree = "<group>"; };
		47F166771FD6C61D00B83DB3 /* day05.data */ = {isa = PBXFileReference; lastKnownFileType = text; path = day05.data; sourceTree = "<group>"; };
/* End PBXFileReference section */

/* Begin PBXFrameworksBuildPhase section */
		34181E33068129311B33CB86 /* Frameworks */ = {
			isa = PBXFrameworksBuildPhase;
			buildActionMask = 2147483647;
			files = (
			);
			runOnlyForDeploymentPostprocessing = 0;
		};
/* End PBXFrameworksBuildPhase section */

/* Begin PBXGroup section */
		3418106E347DBA6FD93BB633 /* Day-07 */ = {
			isa = PBXGroup;
			children = (
				34181D0A7A82F6F5ECF0E34F /* TowerDataProvider.swift */,
				34181B1C97B69FC1E9D7A8CB /* RegularExpression */,
				34181A99462BA3DCB607CAA1 /* TowerParser.swift */,
				34181D965A69024C4F8409DD /* TowerModel.swift */,
				34181AC2BAFC88696C275202 /* TowerMapper.swift */,
			);
			path = "Day-07";
			sourceTree = "<group>";
		};
		341810C7AA83A55D356D3918 /* Day-05 */ = {
			isa = PBXGroup;
			children = (
				34181E919024937DD7023CBD /* Maze.swift */,
				34181B1D0B626D9BA4107FC5 /* MazeDataProvider.swift */,
			);
			path = "Day-05";
			sourceTree = "<group>";
		};
		34181764B9CE741791370ABD /* AdventOfCode2017 */ = {
			isa = PBXGroup;
			children = (
				34181B707B5DE331C0CB3F55 /* main.swift */,
				341810C7AA83A55D356D3918 /* Day-05 */,
				34181094FFAF9FC63AC21367 /* Application.swift */,
				341816FDFEB71EA8B9BFA97F /* Timer.swift */,
				3418187FAC5946A29F897228 /* Day-06 */,
				3418106E347DBA6FD93BB633 /* Day-07 */,
				34181EAE25F952A6D727B65B /* Day-08 */,
			);
			path = AdventOfCode2017;
			sourceTree = "<group>";
		};
		3418187FAC5946A29F897228 /* Day-06 */ = {
			isa = PBXGroup;
			children = (
				3418121BB71E77AA4793B033 /* MemoryManager.swift */,
				34181EF4E1AD2ECDBE7C2F09 /* MemoryManagerDataProvider.swift */,
			);
			path = "Day-06";
			sourceTree = "<group>";
		};
		341819BEE1B162367BFFA43B /* Products */ = {
			isa = PBXGroup;
			children = (
				3418135B5F3F85948B012D17 /* AdventOfCode2017 */,
			);
			name = Products;
			sourceTree = "<group>";
		};
		34181B1C97B69FC1E9D7A8CB /* RegularExpression */ = {
			isa = PBXGroup;
			children = (
				34181DB2FE28B6D4FF0CD3BB /* RegularExpression.swift */,
				341812DC5C8A7208ED13F2F4 /* RegularExpressionMatch.swift */,
			);
			path = RegularExpression;
			sourceTree = "<group>";
		};
		34181E4B00A93A51BE84C860 = {
			isa = PBXGroup;
			children = (
				341819BEE1B162367BFFA43B /* Products */,
				47F166781FD6C63700B83DB3 /* Ressources */,
				34181764B9CE741791370ABD /* AdventOfCode2017 */,
				34181CAFFCC4615945494B17 /* README.md */,
			);
			sourceTree = "<group>";
		};
		34181EAE25F952A6D727B65B /* Day-08 */ = {
			isa = PBXGroup;
			children = (
				341813B1990BC5562DEFEE20 /* Cpu.swift */,
			);
			path = "Day-08";
			sourceTree = "<group>";
		};
		47F166781FD6C63700B83DB3 /* Ressources */ = {
			isa = PBXGroup;
			children = (
				47F166771FD6C61D00B83DB3 /* day05.data */,
				341816F63D79683C1C198504 /* day06.data */,
				3418129E354029D42E35150F /* day07.data */,
				34181F8FE0671F66267B1396 /* day07.benchmark */,
				341815AD3FD0F250F2278702 /* day08.data */,
				341819AD0E688C18939E00AC /* DataProvider.swift */,
			);
			path = Ressources;
			sourceTree = SOURCE_ROOT;
		};
/* End PBXGroup section */

/* Begin PBXNativeTarget section */
		34181E737ECCABD67DC65F10 /* AdventOfCode2017 */ = {
			isa = PBXNativeTarget;
			buildConfigurationList = 341811CDCAD045D748A9A049 /* Build configuration list for PBXNativeTarget "AdventOfCode2017" */;
			buildPhases = (
				341813D89F09F7FF8D81FDCA /* Sources */,
				34181E33068129311B33CB86 /* Frameworks */,
				34181A7ABBA4E19801E6015D /* CopyFiles */,
			);
			buildRules = (
			);
			dependencies = (
			);
			name = AdventOfCode2017;
			productName = AdventOfCode2017;
			productReference = 3418135B5F3F85948B012D17 /* AdventOfCode2017 */;
			productType = "com.apple.product-type.tool";
		};
/* End PBXNativeTarget section */

/* Begin PBXProject section */
		341810A835843EB87DC83819 /* Project object */ = {
			isa = PBXProject;
			attributes = {
				ORGANIZATIONNAME = OSwebstyle;
			};
			buildConfigurationList = 341811A1D7C22020E2C85A9D /* Build configuration list for PBXProject "AdventOfCode2017" */;
			compatibilityVersion = "Xcode 3.2";
			developmentRegion = English;
			hasScannedForEncodings = 0;
			knownRegions = (
				en,
			);
			mainGroup = 34181E4B00A93A51BE84C860;
			productRefGroup = 341819BEE1B162367BFFA43B /* Products */;
			projectDirPath = "";
			projectRoot = "";
			targets = (
				34181E737ECCABD67DC65F10 /* AdventOfCode2017 */,
			);
		};
/* End PBXProject section */

/* Begin PBXSourcesBuildPhase section */
		341813D89F09F7FF8D81FDCA /* Sources */ = {
			isa = PBXSourcesBuildPhase;
			buildActionMask = 2147483647;
			files = (
				34181FBBC9DFEA2A5E7A8B33 /* main.swift in Sources */,
				34181C0C0CB7131FD564D670 /* Maze.swift in Sources */,
				34181E2F2429A4A902DB3A09 /* MazeDataProvider.swift in Sources */,
				34181F3DE52493DD4094E7A7 /* Application.swift in Sources */,
				341812C4A6E2BD232F97A8F4 /* Timer.swift in Sources */,
				341819350D8BED6A7E6CDB53 /* MemoryManager.swift in Sources */,
				34181CDBFFFF28A6486CEAC9 /* MemoryManagerDataProvider.swift in Sources */,
				341818CC7A1FF1587397C925 /* TowerDataProvider.swift in Sources */,
				3418160D5E3B3455313ED95B /* RegularExpression.swift in Sources */,
				34181EAC0FB452A3E924617B /* RegularExpressionMatch.swift in Sources */,
				341816426D4B20AC913717EF /* TowerParser.swift in Sources */,
				341819F3FE2EB17BEA293583 /* TowerModel.swift in Sources */,
				3418147553E0E5A78AC896C4 /* TowerMapper.swift in Sources */,
				34181BCBB64F4C427F6EF7EE /* Cpu.swift in Sources */,
				34181C0818F635F659AE1CE0 /* DataProvider.swift in Sources */,
			);
			runOnlyForDeploymentPostprocessing = 0;
		};
/* End PBXSourcesBuildPhase section */

/* Begin XCBuildConfiguration section */
		341810FA147DA3B12FF62490 /* Release */ = {
			isa = XCBuildConfiguration;
			buildSettings = {
				ALWAYS_SEARCH_USER_PATHS = NO;
				CLANG_ANALYZER_NONNULL = YES;
				CLANG_ANALYZER_NUMBER_OBJECT_CONVERSION = YES_AGGRESSIVE;
				CLANG_CXX_LANGUAGE_STANDARD = "gnu++14";
				CLANG_CXX_LIBRARY = "libc++";
				CLANG_ENABLE_MODULES = YES;
				CLANG_ENABLE_OBJC_ARC = YES;
				CLANG_WARN_BLOCK_CAPTURE_AUTORELEASING = YES;
				CLANG_WARN_BOOL_CONVERSION = YES;
				CLANG_WARN_COMMA = YES;
				CLANG_WARN_CONSTANT_CONVERSION = YES;
				CLANG_WARN_DIRECT_OBJC_ISA_USAGE = YES_ERROR;
				CLANG_WARN_DOCUMENTATION_COMMENTS = YES;
				CLANG_WARN_EMPTY_BODY = YES;
				CLANG_WARN_ENUM_CONVERSION = YES;
				CLANG_WARN_INFINITE_RECURSION = YES;
				CLANG_WARN_INT_CONVERSION = YES;
				CLANG_WARN_NON_LITERAL_NULL_CONVERSION = YES;
				CLANG_WARN_OBJC_LITERAL_CONVERSION = YES;
				CLANG_WARN_OBJC_ROOT_CLASS = YES_ERROR;
				CLANG_WARN_RANGE_LOOP_ANALYSIS = YES;
				CLANG_WARN_STRICT_PROTOTYPES = YES;
				CLANG_WARN_SUSPICIOUS_MOVE = YES;
				CLANG_WARN_UNGUARDED_AVAILABILITY = YES_AGGRESSIVE;
				CLANG_WARN_UNREACHABLE_CODE = YES;
				CLANG_WARN__DUPLICATE_METHOD_MATCH = YES;
				CODE_SIGN_IDENTITY = "-";
				COPY_PHASE_STRIP = NO;
				DEBUG_INFORMATION_FORMAT = "dwarf-with-dsym";
				ENABLE_NS_ASSERTIONS = NO;
				ENABLE_STRICT_OBJC_MSGSEND = YES;
				GCC_C_LANGUAGE_STANDARD = gnu11;
				GCC_NO_COMMON_BLOCKS = YES;
				GCC_WARN_64_TO_32_BIT_CONVERSION = YES;
				GCC_WARN_ABOUT_RETURN_TYPE = YES_ERROR;
				GCC_WARN_UNDECLARED_SELECTOR = YES;
				GCC_WARN_UNINITIALIZED_AUTOS = YES_AGGRESSIVE;
				GCC_WARN_UNUSED_FUNCTION = YES;
				GCC_WARN_UNUSED_VARIABLE = YES;
				MACOSX_DEPLOYMENT_TARGET = 10.13;
				MTL_ENABLE_DEBUG_INFO = NO;
				SDKROOT = macosx;
				SWIFT_OPTIMIZATION_LEVEL = "-Owholemodule";
			};
			name = Release;
		};
		341811D2E5226AF32CE645D9 /* Debug */ = {
			isa = XCBuildConfiguration;
			buildSettings = {
				CLANG_USE_OPTIMIZATION_PROFILE = YES;
				PRODUCT_NAME = "$(TARGET_NAME)";
				SWIFT_VERSION = 4.0;
			};
			name = Debug;
		};
		341818635424BB1FB307FFA7 /* Release */ = {
			isa = XCBuildConfiguration;
			buildSettings = {
				CLANG_USE_OPTIMIZATION_PROFILE = YES;
				"OTHER_SWIFT_FLAGS[arch=*]" = "";
				PRODUCT_NAME = "$(TARGET_NAME)";
				SWIFT_VERSION = 4.0;
			};
			name = Release;
		};
		34181B51D8E8F89689034EE8 /* Debug */ = {
			isa = XCBuildConfiguration;
			buildSettings = {
				ALWAYS_SEARCH_USER_PATHS = NO;
				CLANG_ANALYZER_NONNULL = YES;
				CLANG_ANALYZER_NUMBER_OBJECT_CONVERSION = YES_AGGRESSIVE;
				CLANG_CXX_LANGUAGE_STANDARD = "gnu++14";
				CLANG_CXX_LIBRARY = "libc++";
				CLANG_ENABLE_MODULES = YES;
				CLANG_ENABLE_OBJC_ARC = YES;
				CLANG_WARN_BLOCK_CAPTURE_AUTORELEASING = YES;
				CLANG_WARN_BOOL_CONVERSION = YES;
				CLANG_WARN_COMMA = YES;
				CLANG_WARN_CONSTANT_CONVERSION = YES;
				CLANG_WARN_DIRECT_OBJC_ISA_USAGE = YES_ERROR;
				CLANG_WARN_DOCUMENTATION_COMMENTS = YES;
				CLANG_WARN_EMPTY_BODY = YES;
				CLANG_WARN_ENUM_CONVERSION = YES;
				CLANG_WARN_INFINITE_RECURSION = YES;
				CLANG_WARN_INT_CONVERSION = YES;
				CLANG_WARN_NON_LITERAL_NULL_CONVERSION = YES;
				CLANG_WARN_OBJC_LITERAL_CONVERSION = YES;
				CLANG_WARN_OBJC_ROOT_CLASS = YES_ERROR;
				CLANG_WARN_RANGE_LOOP_ANALYSIS = YES;
				CLANG_WARN_STRICT_PROTOTYPES = YES;
				CLANG_WARN_SUSPICIOUS_MOVE = YES;
				CLANG_WARN_UNGUARDED_AVAILABILITY = YES_AGGRESSIVE;
				CLANG_WARN_UNREACHABLE_CODE = YES;
				CLANG_WARN__DUPLICATE_METHOD_MATCH = YES;
				CODE_SIGN_IDENTITY = "-";
				COPY_PHASE_STRIP = NO;
				DEBUG_INFORMATION_FORMAT = dwarf;
				ENABLE_STRICT_OBJC_MSGSEND = YES;
				ENABLE_TESTABILITY = YES;
				GCC_C_LANGUAGE_STANDARD = gnu11;
				GCC_DYNAMIC_NO_PIC = NO;
				GCC_NO_COMMON_BLOCKS = YES;
				GCC_OPTIMIZATION_LEVEL = 0;
				GCC_PREPROCESSOR_DEFINITIONS = (
					"DEBUG=1",
					"$(inherited)",
				);
				GCC_WARN_64_TO_32_BIT_CONVERSION = YES;
				GCC_WARN_ABOUT_RETURN_TYPE = YES_ERROR;
				GCC_WARN_UNDECLARED_SELECTOR = YES;
				GCC_WARN_UNINITIALIZED_AUTOS = YES_AGGRESSIVE;
				GCC_WARN_UNUSED_FUNCTION = YES;
				GCC_WARN_UNUSED_VARIABLE = YES;
				MACOSX_DEPLOYMENT_TARGET = 10.13;
				MTL_ENABLE_DEBUG_INFO = YES;
				ONLY_ACTIVE_ARCH = YES;
				SDKROOT = macosx;
				SWIFT_ACTIVE_COMPILATION_CONDITIONS = DEBUG;
				SWIFT_OPTIMIZATION_LEVEL = "-Onone";
			};
			name = Debug;
		};
/* End XCBuildConfiguration section */

/* Begin XCConfigurationList section */
		341811A1D7C22020E2C85A9D /* Build configuration list for PBXProject "AdventOfCode2017" */ = {
			isa = XCConfigurationList;
			buildConfigurations = (
				34181B51D8E8F89689034EE8 /* Debug */,
				341810FA147DA3B12FF62490 /* Release */,
			);
			defaultConfigurationIsVisible = 0;
			defaultConfigurationName = Release;
		};
		341811CDCAD045D748A9A049 /* Build configuration list for PBXNativeTarget "AdventOfCode2017" */ = {
			isa = XCConfigurationList;
			buildConfigurations = (
				341811D2E5226AF32CE645D9 /* Debug */,
				341818635424BB1FB307FFA7 /* Release */,
			);
			defaultConfigurationIsVisible = 0;
			defaultConfigurationName = Release;
		};
/* End XCConfigurationList section */
	};
	rootObject = 341810A835843EB87DC83819 /* Project object */;
}
